
Microsoft Visual Studio Solution File, Format Version 12.00
# Visual Studio Version 16
VisualStudioVersion = 16.0.30011.22
MinimumVisualStudioVersion = 10.0.40219.1
Project("{FAE04EC0-301F-11D3-BF4B-00C04F79EFBC}") = "Front", "Front\Front.csproj", "{695BE813-220A-4B5F-876B-0321CABBF0AA}"
EndProject
Project("{FAE04EC0-301F-11D3-BF4B-00C04F79EFBC}") = "GetSomeThing", "GetSomeThing\GetSomeThing.csproj", "{658E2E19-E2BF-408D-B390-62F8F7339DAA}"
EndProject
Project("{FAE04EC0-301F-11D3-BF4B-00C04F79EFBC}") = "GetSomeOtherThing", "GetSomeOtherThing\GetSomeOtherThing.csproj", "{BB9A31D2-0EDA-4758-94F7-8B698382B97C}"
EndProject
Global
	GlobalSection(SolutionConfigurationPlatforms) = preSolution
		Debug|Any CPU = Debug|Any CPU
		Release|Any CPU = Release|Any CPU
	EndGlobalSection
	GlobalSection(ProjectConfigurationPlatforms) = postSolution
		{695BE813-220A-4B5F-876B-0321CABBF0AA}.Debug|Any CPU.ActiveCfg = Debug|Any CPU
		{695BE813-220A-4B5F-876B-0321CABBF0AA}.Debug|Any CPU.Build.0 = Debug|Any CPU
		{695BE813-220A-4B5F-876B-0321CABBF0AA}.Release|Any CPU.ActiveCfg = Release|Any CPU
		{695BE813-220A-4B5F-876B-0321CABBF0AA}.Release|Any CPU.Build.0 = Release|Any CPU
		{658E2E19-E2BF-408D-B390-62F8F7339DAA}.Debug|Any CPU.ActiveCfg = Debug|Any CPU
		{658E2E19-E2BF-408D-B390-62F8F7339DAA}.Debug|Any CPU.Build.0 = Debug|Any CPU
		{658E2E19-E2BF-408D-B390-62F8F7339DAA}.Release|Any CPU.ActiveCfg = Release|Any CPU
		{658E2E19-E2BF-408D-B390-62F8F7339DAA}.Release|Any CPU.Build.0 = Release|Any CPU
		{BB9A31D2-0EDA-4758-94F7-8B698382B97C}.Debug|Any CPU.ActiveCfg = Debug|Any CPU
		{BB9A31D2-0EDA-4758-94F7-8B698382B97C}.Debug|Any CPU.Build.0 = Debug|Any CPU
		{BB9A31D2-0EDA-4758-94F7-8B698382B97C}.Release|Any CPU.ActiveCfg = Release|Any CPU
		{BB9A31D2-0EDA-4758-94F7-8B698382B97C}.Release|Any CPU.Build.0 = Release|Any CPU
	EndGlobalSection
	GlobalSection(SolutionProperties) = preSolution
		HideSolutionNode = FALSE
	EndGlobalSection
	GlobalSection(ExtensibilityGlobals) = postSolution
		SolutionGuid = {3277F9A5-5F50-4AAD-9FC6-38843F581DA3}
	EndGlobalSection
EndGlobal
